
Microsoft Visual Studio Solution File, Format Version 12.00
# Visual Studio Version 16
VisualStudioVersion = 16.0.30413.136
MinimumVisualStudioVersion = 10.0.40219.1
Project("{FAE04EC0-301F-11D3-BF4B-00C04F79EFBC}") = "DevExWpfMvvm", "DevExWpfMvvm\DevExWpfMvvm.csproj", "{A110B4E9-CFA3-4574-92E6-A6A4E61F3FE8}"
EndProject
Global
	GlobalSection(SolutionConfigurationPlatforms) = preSolution
		Debug|Any CPU = Debug|Any CPU
		Release|Any CPU = Release|Any CPU
	EndGlobalSection
	GlobalSection(ProjectConfigurationPlatforms) = postSolution
		{A110B4E9-CFA3-4574-92E6-A6A4E61F3FE8}.Debug|Any CPU.ActiveCfg = Debug|Any CPU
		{A110B4E9-CFA3-4574-92E6-A6A4E61F3FE8}.Debug|Any CPU.Build.0 = Debug|Any CPU
		{A110B4E9-CFA3-4574-92E6-A6A4E61F3FE8}.Release|Any CPU.ActiveCfg = Release|Any CPU
		{A110B4E9-CFA3-4574-92E6-A6A4E61F3FE8}.Release|Any CPU.Build.0 = Release|Any CPU
	EndGlobalSection
	GlobalSection(SolutionProperties) = preSolution
		HideSolutionNode = FALSE
	EndGlobalSection
	GlobalSection(ExtensibilityGlobals) = postSolution
		SolutionGuid = {6793D902-6540-4479-8A65-2AC1C97E0388}
	EndGlobalSection
EndGlobal
